
Microsoft Visual Studio Solution File, Format Version 12.00
# Visual Studio Version 16
VisualStudioVersion = 16.0.30114.105
MinimumVisualStudioVersion = 10.0.40219.1
Project("{FAE04EC0-301F-11D3-BF4B-00C04F79EFBC}") = "GrpcClient", "GrpcClient\GrpcClient.csproj", "{B5DDED58-D1D9-42B8-AF22-1A79E010322B}"
EndProject
Global
	GlobalSection(SolutionConfigurationPlatforms) = preSolution
		Debug|Any CPU = Debug|Any CPU
		Release|Any CPU = Release|Any CPU
	EndGlobalSection
	GlobalSection(ProjectConfigurationPlatforms) = postSolution
		{B5DDED58-D1D9-42B8-AF22-1A79E010322B}.Debug|Any CPU.ActiveCfg = Debug|Any CPU
		{B5DDED58-D1D9-42B8-AF22-1A79E010322B}.Debug|Any CPU.Build.0 = Debug|Any CPU
		{B5DDED58-D1D9-42B8-AF22-1A79E010322B}.Release|Any CPU.ActiveCfg = Release|Any CPU
		{B5DDED58-D1D9-42B8-AF22-1A79E010322B}.Release|Any CPU.Build.0 = Release|Any CPU
	EndGlobalSection
	GlobalSection(SolutionProperties) = preSolution
		HideSolutionNode = FALSE
	EndGlobalSection
	GlobalSection(ExtensibilityGlobals) = postSolution
		SolutionGuid = {A746FCAD-3402-4A0D-A64A-981901C95D56}
	EndGlobalSection
EndGlobal
